
Microsoft Visual Studio Solution File, Format Version 12.00
# Visual Studio 15
VisualStudioVersion = 15.0.27130.0
MinimumVisualStudioVersion = 10.0.40219.1
Project("{FAE04EC0-301F-11D3-BF4B-00C04F79EFBC}") = "MediaEnglish", "MediaEnglish\MediaEnglish.csproj", "{024FFD08-A289-4213-B6B4-631BAE8E0601}"
EndProject
Global
	GlobalSection(SolutionConfigurationPlatforms) = preSolution
		Debug|Any CPU = Debug|Any CPU
		Release|Any CPU = Release|Any CPU
	EndGlobalSection
	GlobalSection(ProjectConfigurationPlatforms) = postSolution
		{024FFD08-A289-4213-B6B4-631BAE8E0601}.Debug|Any CPU.ActiveCfg = Debug|Any CPU
		{024FFD08-A289-4213-B6B4-631BAE8E0601}.Debug|Any CPU.Build.0 = Debug|Any CPU
		{024FFD08-A289-4213-B6B4-631BAE8E0601}.Release|Any CPU.ActiveCfg = Release|Any CPU
		{024FFD08-A289-4213-B6B4-631BAE8E0601}.Release|Any CPU.Build.0 = Release|Any CPU
	EndGlobalSection
	GlobalSection(SolutionProperties) = preSolution
		HideSolutionNode = FALSE
	EndGlobalSection
	GlobalSection(ExtensibilityGlobals) = postSolution
		SolutionGuid = {C201E590-567B-4723-B5C7-AEA5F63DA9BB}
	EndGlobalSection
EndGlobal
